
Microsoft Visual Studio Solution File, Format Version 12.00
# Visual Studio Version 17
VisualStudioVersion = 17.7.34024.191
MinimumVisualStudioVersion = 10.0.40219.1
Project("{FAE04EC0-301F-11D3-BF4B-00C04F79EFBC}") = "abstract_ElectronicDevice", "abstract_ElectronicDevice\abstract_ElectronicDevice.csproj", "{69D26B75-1299-4485-8F9D-894373C8D16E}"
EndProject
Project("{FAE04EC0-301F-11D3-BF4B-00C04F79EFBC}") = "abstract_BankAccount", "abstract_BankAccount\abstract_BankAccount.csproj", "{9319D30B-FFA0-4601-9FCC-0F2FCA11B1D5}"
EndProject
Project("{FAE04EC0-301F-11D3-BF4B-00C04F79EFBC}") = "abstract_Sikidomok", "abstract_Sikidomok\abstract_Sikidomok.csproj", "{9792A600-1264-408F-8481-BAD8613E01DE}"
EndProject
Project("{FAE04EC0-301F-11D3-BF4B-00C04F79EFBC}") = "abstract_jarmuvekhez", "abstract_jarmuvekhez\abstract_jarmuvekhez.csproj", "{3DC63FB8-01DA-43E6-8E19-6D6E6E54B022}"
EndProject
Project("{2150E333-8FDC-42A3-9474-1A3956D46DE8}") = "Solution Items", "Solution Items", "{A2421B9B-5235-415B-BF67-851E54036E9C}"
	ProjectSection(SolutionItems) = preProject
		interface_feladatok.txt = interface_feladatok.txt
	EndProjectSection
EndProject
Project("{FAE04EC0-301F-11D3-BF4B-00C04F79EFBC}") = "async_demo", "async_demo\async_demo.csproj", "{5128CED9-8D6F-4113-A6BF-F02E1C2EFF2C}"
EndProject
Project("{FAE04EC0-301F-11D3-BF4B-00C04F79EFBC}") = "restapi_konzolos", "restapi_konzolos\restapi_konzolos.csproj", "{06E1816E-1764-4BFE-9E5A-4864A5E647B0}"
EndProject
Project("{FAE04EC0-301F-11D3-BF4B-00C04F79EFBC}") = "restapi_konzolos_jsonconvert", "restapi_konzolos_masodik\restapi_konzolos_jsonconvert.csproj", "{42AC2F19-BE37-4815-BC9D-2902402F50B8}"
EndProject
Project("{FAE04EC0-301F-11D3-BF4B-00C04F79EFBC}") = "restapi_konzolos_countrie", "restapi_konzolos_countrie\restapi_konzolos_countrie.csproj", "{EAC90C33-B9DC-4505-A0C1-D8E9CB497359}"
EndProject
Project("{FAE04EC0-301F-11D3-BF4B-00C04F79EFBC}") = "restapi_WindowsForms_countrie", "restapi_WindowsForms_countrie\restapi_WindowsForms_countrie.csproj", "{4F51BEA1-E1ED-4EF7-A62C-7AEE0F520DA6}"
EndProject
Project("{FAE04EC0-301F-11D3-BF4B-00C04F79EFBC}") = "restapi_WinForm_complete", "restapi_WinForm_complete\restapi_WinForm_complete.csproj", "{30B77CA4-2F3F-4158-90D2-318AF44528C1}"
EndProject
Project("{FAE04EC0-301F-11D3-BF4B-00C04F79EFBC}") = "2023-11-27_abstract", "2023-11-27_abstract\2023-11-27_abstract.csproj", "{775E5440-68C6-42AD-BC37-802E5AB04617}"
EndProject
Project("{FAE04EC0-301F-11D3-BF4B-00C04F79EFBC}") = "2023-12-04_interfaces", "2023-12-04_interfaces\2023-12-04_interfaces.csproj", "{59297532-97FD-43AC-88B6-5BA235B04F86}"
EndProject
Project("{FAE04EC0-301F-11D3-BF4B-00C04F79EFBC}") = "2023-12-04_MySQL", "2023-12-04_MySQL\2023-12-04_MySQL.csproj", "{26F9CD1D-4EEC-48FE-8C85-874B059737D5}"
EndProject
Project("{FAE04EC0-301F-11D3-BF4B-00C04F79EFBC}") = "2023-12-04_sync_async", "2023-12-04_sync_async\2023-12-04_sync_async.csproj", "{12ADFBFA-0925-4127-B99A-CE036395D03C}"
EndProject
Project("{FAE04EC0-301F-11D3-BF4B-00C04F79EFBC}") = "interface_pelda", "interface_pelda\interface_pelda.csproj", "{B72557CA-C27D-4470-A8A5-CC571F3102D0}"
EndProject
Project("{FAE04EC0-301F-11D3-BF4B-00C04F79EFBC}") = "restapi_SocialLinksSearch", "restapi_SocialLinksSearch\restapi_SocialLinksSearch.csproj", "{D7C238F6-1C2C-4155-A5BB-ACAC4344210B}"
EndProject
Project("{FAE04EC0-301F-11D3-BF4B-00C04F79EFBC}") = "restapi_ZipCodeLookup", "restapi_ZipCodeLookup\restapi_ZipCodeLookup.csproj", "{10C16D2C-68EF-4925-96CD-3A61A2084E9C}"
EndProject
Project("{FAE04EC0-301F-11D3-BF4B-00C04F79EFBC}") = "2023-12-11_restapi_dogs", "2023-12-11_restapi_dogs\2023-12-11_restapi_dogs.csproj", "{B6F2488C-AD72-4EEF-A883-6C1FEBF45B08}"
EndProject
Project("{FAE04EC0-301F-11D3-BF4B-00C04F79EFBC}") = "WindowsFormsCzigleczky", "WindowsFormsCzigleczky\WindowsFormsCzigleczky.csproj", "{6947CE2A-E1F2-41B7-9AD6-C9D3EB521D72}"
EndProject
Project("{FAE04EC0-301F-11D3-BF4B-00C04F79EFBC}") = "MultiForm", "MultiForm\MultiForm.csproj", "{3F0D83ED-E841-4B11-9145-136A4C3E6FB5}"
EndProject
Global
	GlobalSection(SolutionConfigurationPlatforms) = preSolution
		Debug|Any CPU = Debug|Any CPU
		Release|Any CPU = Release|Any CPU
	EndGlobalSection
	GlobalSection(ProjectConfigurationPlatforms) = postSolution
		{69D26B75-1299-4485-8F9D-894373C8D16E}.Debug|Any CPU.ActiveCfg = Debug|Any CPU
		{69D26B75-1299-4485-8F9D-894373C8D16E}.Debug|Any CPU.Build.0 = Debug|Any CPU
		{69D26B75-1299-4485-8F9D-894373C8D16E}.Release|Any CPU.ActiveCfg = Release|Any CPU
		{69D26B75-1299-4485-8F9D-894373C8D16E}.Release|Any CPU.Build.0 = Release|Any CPU
		{9319D30B-FFA0-4601-9FCC-0F2FCA11B1D5}.Debug|Any CPU.ActiveCfg = Debug|Any CPU
		{9319D30B-FFA0-4601-9FCC-0F2FCA11B1D5}.Debug|Any CPU.Build.0 = Debug|Any CPU
		{9319D30B-FFA0-4601-9FCC-0F2FCA11B1D5}.Release|Any CPU.ActiveCfg = Release|Any CPU
		{9319D30B-FFA0-4601-9FCC-0F2FCA11B1D5}.Release|Any CPU.Build.0 = Release|Any CPU
		{9792A600-1264-408F-8481-BAD8613E01DE}.Debug|Any CPU.ActiveCfg = Debug|Any CPU
		{9792A600-1264-408F-8481-BAD8613E01DE}.Debug|Any CPU.Build.0 = Debug|Any CPU
		{9792A600-1264-408F-8481-BAD8613E01DE}.Release|Any CPU.ActiveCfg = Release|Any CPU
		{9792A600-1264-408F-8481-BAD8613E01DE}.Release|Any CPU.Build.0 = Release|Any CPU
		{3DC63FB8-01DA-43E6-8E19-6D6E6E54B022}.Debug|Any CPU.ActiveCfg = Debug|Any CPU
		{3DC63FB8-01DA-43E6-8E19-6D6E6E54B022}.Debug|Any CPU.Build.0 = Debug|Any CPU
		{3DC63FB8-01DA-43E6-8E19-6D6E6E54B022}.Release|Any CPU.ActiveCfg = Release|Any CPU
		{3DC63FB8-01DA-43E6-8E19-6D6E6E54B022}.Release|Any CPU.Build.0 = Release|Any CPU
		{5128CED9-8D6F-4113-A6BF-F02E1C2EFF2C}.Debug|Any CPU.ActiveCfg = Debug|Any CPU
		{5128CED9-8D6F-4113-A6BF-F02E1C2EFF2C}.Debug|Any CPU.Build.0 = Debug|Any CPU
		{5128CED9-8D6F-4113-A6BF-F02E1C2EFF2C}.Release|Any CPU.ActiveCfg = Release|Any CPU
		{5128CED9-8D6F-4113-A6BF-F02E1C2EFF2C}.Release|Any CPU.Build.0 = Release|Any CPU
		{06E1816E-1764-4BFE-9E5A-4864A5E647B0}.Debug|Any CPU.ActiveCfg = Debug|Any CPU
		{06E1816E-1764-4BFE-9E5A-4864A5E647B0}.Debug|Any CPU.Build.0 = Debug|Any CPU
		{06E1816E-1764-4BFE-9E5A-4864A5E647B0}.Release|Any CPU.ActiveCfg = Release|Any CPU
		{06E1816E-1764-4BFE-9E5A-4864A5E647B0}.Release|Any CPU.Build.0 = Release|Any CPU
		{42AC2F19-BE37-4815-BC9D-2902402F50B8}.Debug|Any CPU.ActiveCfg = Debug|Any CPU
		{42AC2F19-BE37-4815-BC9D-2902402F50B8}.Debug|Any CPU.Build.0 = Debug|Any CPU
		{42AC2F19-BE37-4815-BC9D-2902402F50B8}.Release|Any CPU.ActiveCfg = Release|Any CPU
		{42AC2F19-BE37-4815-BC9D-2902402F50B8}.Release|Any CPU.Build.0 = Release|Any CPU
		{EAC90C33-B9DC-4505-A0C1-D8E9CB497359}.Debug|Any CPU.ActiveCfg = Debug|Any CPU
		{EAC90C33-B9DC-4505-A0C1-D8E9CB497359}.Debug|Any CPU.Build.0 = Debug|Any CPU
		{EAC90C33-B9DC-4505-A0C1-D8E9CB497359}.Release|Any CPU.ActiveCfg = Release|Any CPU
		{EAC90C33-B9DC-4505-A0C1-D8E9CB497359}.Release|Any CPU.Build.0 = Release|Any CPU
		{4F51BEA1-E1ED-4EF7-A62C-7AEE0F520DA6}.Debug|Any CPU.ActiveCfg = Debug|Any CPU
		{4F51BEA1-E1ED-4EF7-A62C-7AEE0F520DA6}.Debug|Any CPU.Build.0 = Debug|Any CPU
		{4F51BEA1-E1ED-4EF7-A62C-7AEE0F520DA6}.Release|Any CPU.ActiveCfg = Release|Any CPU
		{4F51BEA1-E1ED-4EF7-A62C-7AEE0F520DA6}.Release|Any CPU.Build.0 = Release|Any CPU
		{30B77CA4-2F3F-4158-90D2-318AF44528C1}.Debug|Any CPU.ActiveCfg = Debug|Any CPU
		{30B77CA4-2F3F-4158-90D2-318AF44528C1}.Debug|Any CPU.Build.0 = Debug|Any CPU
		{30B77CA4-2F3F-4158-90D2-318AF44528C1}.Release|Any CPU.ActiveCfg = Release|Any CPU
		{30B77CA4-2F3F-4158-90D2-318AF44528C1}.Release|Any CPU.Build.0 = Release|Any CPU
		{775E5440-68C6-42AD-BC37-802E5AB04617}.Debug|Any CPU.ActiveCfg = Debug|Any CPU
		{775E5440-68C6-42AD-BC37-802E5AB04617}.Debug|Any CPU.Build.0 = Debug|Any CPU
		{775E5440-68C6-42AD-BC37-802E5AB04617}.Release|Any CPU.ActiveCfg = Release|Any CPU
		{775E5440-68C6-42AD-BC37-802E5AB04617}.Release|Any CPU.Build.0 = Release|Any CPU
		{59297532-97FD-43AC-88B6-5BA235B04F86}.Debug|Any CPU.ActiveCfg = Debug|Any CPU
		{59297532-97FD-43AC-88B6-5BA235B04F86}.Debug|Any CPU.Build.0 = Debug|Any CPU
		{59297532-97FD-43AC-88B6-5BA235B04F86}.Release|Any CPU.ActiveCfg = Release|Any CPU
		{59297532-97FD-43AC-88B6-5BA235B04F86}.Release|Any CPU.Build.0 = Release|Any CPU
		{26F9CD1D-4EEC-48FE-8C85-874B059737D5}.Debug|Any CPU.ActiveCfg = Debug|Any CPU
		{26F9CD1D-4EEC-48FE-8C85-874B059737D5}.Debug|Any CPU.Build.0 = Debug|Any CPU
		{26F9CD1D-4EEC-48FE-8C85-874B059737D5}.Release|Any CPU.ActiveCfg = Release|Any CPU
		{26F9CD1D-4EEC-48FE-8C85-874B059737D5}.Release|Any CPU.Build.0 = Release|Any CPU
		{12ADFBFA-0925-4127-B99A-CE036395D03C}.Debug|Any CPU.ActiveCfg = Debug|Any CPU
		{12ADFBFA-0925-4127-B99A-CE036395D03C}.Debug|Any CPU.Build.0 = Debug|Any CPU
		{12ADFBFA-0925-4127-B99A-CE036395D03C}.Release|Any CPU.ActiveCfg = Release|Any CPU
		{12ADFBFA-0925-4127-B99A-CE036395D03C}.Release|Any CPU.Build.0 = Release|Any CPU
		{B72557CA-C27D-4470-A8A5-CC571F3102D0}.Debug|Any CPU.ActiveCfg = Debug|Any CPU
		{B72557CA-C27D-4470-A8A5-CC571F3102D0}.Debug|Any CPU.Build.0 = Debug|Any CPU
		{B72557CA-C27D-4470-A8A5-CC571F3102D0}.Release|Any CPU.ActiveCfg = Release|Any CPU
		{B72557CA-C27D-4470-A8A5-CC571F3102D0}.Release|Any CPU.Build.0 = Release|Any CPU
		{D7C238F6-1C2C-4155-A5BB-ACAC4344210B}.Debug|Any CPU.ActiveCfg = Debug|Any CPU
		{D7C238F6-1C2C-4155-A5BB-ACAC4344210B}.Debug|Any CPU.Build.0 = Debug|Any CPU
		{D7C238F6-1C2C-4155-A5BB-ACAC4344210B}.Release|Any CPU.ActiveCfg = Release|Any CPU
		{D7C238F6-1C2C-4155-A5BB-ACAC4344210B}.Release|Any CPU.Build.0 = Release|Any CPU
		{10C16D2C-68EF-4925-96CD-3A61A2084E9C}.Debug|Any CPU.ActiveCfg = Debug|Any CPU
		{10C16D2C-68EF-4925-96CD-3A61A2084E9C}.Debug|Any CPU.Build.0 = Debug|Any CPU
		{10C16D2C-68EF-4925-96CD-3A61A2084E9C}.Release|Any CPU.ActiveCfg = Release|Any CPU
		{10C16D2C-68EF-4925-96CD-3A61A2084E9C}.Release|Any CPU.Build.0 = Release|Any CPU
		{B6F2488C-AD72-4EEF-A883-6C1FEBF45B08}.Debug|Any CPU.ActiveCfg = Debug|Any CPU
		{B6F2488C-AD72-4EEF-A883-6C1FEBF45B08}.Debug|Any CPU.Build.0 = Debug|Any CPU
		{B6F2488C-AD72-4EEF-A883-6C1FEBF45B08}.Release|Any CPU.ActiveCfg = Release|Any CPU
		{B6F2488C-AD72-4EEF-A883-6C1FEBF45B08}.Release|Any CPU.Build.0 = Release|Any CPU
		{6947CE2A-E1F2-41B7-9AD6-C9D3EB521D72}.Debug|Any CPU.ActiveCfg = Debug|Any CPU
		{6947CE2A-E1F2-41B7-9AD6-C9D3EB521D72}.Debug|Any CPU.Build.0 = Debug|Any CPU
		{6947CE2A-E1F2-41B7-9AD6-C9D3EB521D72}.Release|Any CPU.ActiveCfg = Release|Any CPU
		{6947CE2A-E1F2-41B7-9AD6-C9D3EB521D72}.Release|Any CPU.Build.0 = Release|Any CPU
		{3F0D83ED-E841-4B11-9145-136A4C3E6FB5}.Debug|Any CPU.ActiveCfg = Debug|Any CPU
		{3F0D83ED-E841-4B11-9145-136A4C3E6FB5}.Debug|Any CPU.Build.0 = Debug|Any CPU
		{3F0D83ED-E841-4B11-9145-136A4C3E6FB5}.Release|Any CPU.ActiveCfg = Release|Any CPU
		{3F0D83ED-E841-4B11-9145-136A4C3E6FB5}.Release|Any CPU.Build.0 = Release|Any CPU
	EndGlobalSection
	GlobalSection(SolutionProperties) = preSolution
		HideSolutionNode = FALSE
	EndGlobalSection
	GlobalSection(ExtensibilityGlobals) = postSolution
		SolutionGuid = {A9186947-E42A-4A78-ADD6-60AC9FCFC5E2}
	EndGlobalSection
EndGlobal
